{
  "version": 4,
  "terraform_version": "1.7.0",
  "serial": 1598,
  "lineage": "30670a16-75fd-fbaf-9b62-63e96f20a452",
  "outputs": {},
  "resources": [
    {
      "mode": "managed",
      "type": "ncloud_vpc",
      "name": "create_vpc",
      "provider": "provider[\"registry.terraform.io/navercloudplatform/ncloud\"]",
      "instances": [
        {
          "schema_version": 0,
          "attributes": {
            "default_access_control_group_no": "153999",
            "default_network_acl_no": "83641",
            "default_private_route_table_no": "116375",
            "default_public_route_table_no": "116374",
            "id": "54759",
            "ipv4_cidr_block": "10.2.0.0/16",
            "name": "proper-noun-vpc",
            "vpc_no": "54759"
          },
          "sensitive_attributes": [],
          "private": "bnVsbA=="
        }
      ]
    }
  ],
  "check_results": null
}
